
Microsoft Visual Studio Solution File, Format Version 12.00
# Visual Studio Version 17
VisualStudioVersion = 17.9.34902.65
MinimumVisualStudioVersion = 10.0.40219.1
Project("{2150E333-8FDC-42A3-9474-1A3956D46DE8}") = "Services", "Services", "{D06577F2-37C8-42CE-9709-3BF2DC86B013}"
EndProject
Project("{2150E333-8FDC-42A3-9474-1A3956D46DE8}") = "Catalog", "Catalog", "{76071EB3-3607-48BB-AE12-A07D206B3881}"
EndProject
Project("{9A19103F-16F7-4668-BE54-9A1E7A4F7556}") = "Catalog.API", "Services\Catalog\Catalog.API\Catalog.API.csproj", "{014106A7-7095-4935-A4E1-14C72FD56F7A}"
EndProject
Project("{2150E333-8FDC-42A3-9474-1A3956D46DE8}") = "BuildingBlocks", "BuildingBlocks", "{DA9F4331-61D8-4759-834A-1618020ECC55}"
EndProject
Project("{9A19103F-16F7-4668-BE54-9A1E7A4F7556}") = "BuildingBlocks", "BuildingBlocks\BuildingBlocks\BuildingBlocks.csproj", "{9E73BB32-7098-434A-9C07-D78216D9FC38}"
EndProject
Project("{E53339B2-1760-4266-BCC7-CA923CBCF16C}") = "docker-compose", "docker-compose.dcproj", "{DCCF86C9-64CF-4B37-8BA0-0C81037B520C}"
EndProject
Project("{2150E333-8FDC-42A3-9474-1A3956D46DE8}") = "Basket", "Basket", "{A234B830-C0E1-46BC-B3C2-68BB10616D98}"
EndProject
Project("{FAE04EC0-301F-11D3-BF4B-00C04F79EFBC}") = "Basket.API", "Services\Basket\Basket.API\Basket.API.csproj", "{1CC36CAC-4BB6-47F1-99E8-3B85965944F0}"
EndProject
Global
	GlobalSection(SolutionConfigurationPlatforms) = preSolution
		Debug|Any CPU = Debug|Any CPU
		Release|Any CPU = Release|Any CPU
	EndGlobalSection
	GlobalSection(ProjectConfigurationPlatforms) = postSolution
		{014106A7-7095-4935-A4E1-14C72FD56F7A}.Debug|Any CPU.ActiveCfg = Debug|Any CPU
		{014106A7-7095-4935-A4E1-14C72FD56F7A}.Debug|Any CPU.Build.0 = Debug|Any CPU
		{014106A7-7095-4935-A4E1-14C72FD56F7A}.Release|Any CPU.ActiveCfg = Release|Any CPU
		{014106A7-7095-4935-A4E1-14C72FD56F7A}.Release|Any CPU.Build.0 = Release|Any CPU
		{9E73BB32-7098-434A-9C07-D78216D9FC38}.Debug|Any CPU.ActiveCfg = Debug|Any CPU
		{9E73BB32-7098-434A-9C07-D78216D9FC38}.Debug|Any CPU.Build.0 = Debug|Any CPU
		{9E73BB32-7098-434A-9C07-D78216D9FC38}.Release|Any CPU.ActiveCfg = Release|Any CPU
		{9E73BB32-7098-434A-9C07-D78216D9FC38}.Release|Any CPU.Build.0 = Release|Any CPU
		{DCCF86C9-64CF-4B37-8BA0-0C81037B520C}.Debug|Any CPU.ActiveCfg = Debug|Any CPU
		{DCCF86C9-64CF-4B37-8BA0-0C81037B520C}.Debug|Any CPU.Build.0 = Debug|Any CPU
		{DCCF86C9-64CF-4B37-8BA0-0C81037B520C}.Release|Any CPU.ActiveCfg = Release|Any CPU
		{DCCF86C9-64CF-4B37-8BA0-0C81037B520C}.Release|Any CPU.Build.0 = Release|Any CPU
		{1CC36CAC-4BB6-47F1-99E8-3B85965944F0}.Debug|Any CPU.ActiveCfg = Debug|Any CPU
		{1CC36CAC-4BB6-47F1-99E8-3B85965944F0}.Debug|Any CPU.Build.0 = Debug|Any CPU
		{1CC36CAC-4BB6-47F1-99E8-3B85965944F0}.Release|Any CPU.ActiveCfg = Release|Any CPU
		{1CC36CAC-4BB6-47F1-99E8-3B85965944F0}.Release|Any CPU.Build.0 = Release|Any CPU
	EndGlobalSection
	GlobalSection(SolutionProperties) = preSolution
		HideSolutionNode = FALSE
	EndGlobalSection
	GlobalSection(NestedProjects) = preSolution
		{76071EB3-3607-48BB-AE12-A07D206B3881} = {D06577F2-37C8-42CE-9709-3BF2DC86B013}
		{014106A7-7095-4935-A4E1-14C72FD56F7A} = {76071EB3-3607-48BB-AE12-A07D206B3881}
		{9E73BB32-7098-434A-9C07-D78216D9FC38} = {DA9F4331-61D8-4759-834A-1618020ECC55}
		{A234B830-C0E1-46BC-B3C2-68BB10616D98} = {D06577F2-37C8-42CE-9709-3BF2DC86B013}
		{1CC36CAC-4BB6-47F1-99E8-3B85965944F0} = {A234B830-C0E1-46BC-B3C2-68BB10616D98}
	EndGlobalSection
	GlobalSection(ExtensibilityGlobals) = postSolution
		SolutionGuid = {354B0DF9-9824-40A5-92BE-38D869B61DEC}
	EndGlobalSection
EndGlobal
